# This file is automatically @generated by Cargo.
# It is not intended for manual editing.
version = 3

[[package]]
name = "byte-unit"
version = "4.0.14"
source = "registry+https://github.com/rust-lang/crates.io-index"
checksum = "95ebf10dda65f19ff0f42ea15572a359ed60d7fc74fdc984d90310937be0014b"
dependencies = [
 "utf8-width",
]

[[package]]
name = "neural_tictactoe_rust"
version = "0.1.0"
dependencies = [
 "byte-unit",
]

[[package]]
name = "utf8-width"
version = "0.1.6"
source = "registry+https://github.com/rust-lang/crates.io-index"
checksum = "5190c9442dcdaf0ddd50f37420417d219ae5261bbf5db120d0f9bab996c9cba1"
